
Microsoft Visual Studio Solution File, Format Version 12.00
# Visual Studio Version 16
VisualStudioVersion = 16.0.31112.23
MinimumVisualStudioVersion = 10.0.40219.1
Project("{FAE04EC0-301F-11D3-BF4B-00C04F79EFBC}") = "PustokApp", "PustokApp\PustokApp.csproj", "{339F1313-0ECE-4469-8D56-8FA53465A3CA}"
EndProject
Global
	GlobalSection(SolutionConfigurationPlatforms) = preSolution
		Debug|Any CPU = Debug|Any CPU
		Release|Any CPU = Release|Any CPU
	EndGlobalSection
	GlobalSection(ProjectConfigurationPlatforms) = postSolution
		{339F1313-0ECE-4469-8D56-8FA53465A3CA}.Debug|Any CPU.ActiveCfg = Debug|Any CPU
		{339F1313-0ECE-4469-8D56-8FA53465A3CA}.Debug|Any CPU.Build.0 = Debug|Any CPU
		{339F1313-0ECE-4469-8D56-8FA53465A3CA}.Release|Any CPU.ActiveCfg = Release|Any CPU
		{339F1313-0ECE-4469-8D56-8FA53465A3CA}.Release|Any CPU.Build.0 = Release|Any CPU
	EndGlobalSection
	GlobalSection(SolutionProperties) = preSolution
		HideSolutionNode = FALSE
	EndGlobalSection
	GlobalSection(ExtensibilityGlobals) = postSolution
		SolutionGuid = {49E37830-8F69-4B90-B461-A00948549985}
	EndGlobalSection
EndGlobal
